Microsoft Visual Studio Solution File, Format Version 12.00
# Visual Studio Version 17
VisualStudioVersion = 17.0.31903.59
MinimumVisualStudioVersion = 10.0.40219.1
Project("{FAE04EC0-301F-11D3-BF4B-00C04F79EFBC}") = "SIAMIS.Api", "src\SIAMIS.Api\SIAMIS.Api.csproj", "{A11A1001-1111-4111-8111-111111111111}"
EndProject
Project("{FAE04EC0-301F-11D3-BF4B-00C04F79EFBC}") = "SIAMIS.Application", "src\SIAMIS.Application\SIAMIS.Application.csproj", "{A11A1002-1111-4111-8111-111111111111}"
EndProject
Project("{FAE04EC0-301F-11D3-BF4B-00C04F79EFBC}") = "SIAMIS.Domain", "src\SIAMIS.Domain\SIAMIS.Domain.csproj", "{A11A1003-1111-4111-8111-111111111111}"
EndProject
Project("{FAE04EC0-301F-11D3-BF4B-00C04F79EFBC}") = "SIAMIS.Infrastructure", "src\SIAMIS.Infrastructure\SIAMIS.Infrastructure.csproj", "{A11A1004-1111-4111-8111-111111111111}"
EndProject
Project("{2150E333-8FDC-42A3-9474-1A3956D46DE8}") = "tests", "tests", "{0AB3BF05-4346-4AA6-1389-037BE0695223}"
EndProject
Project("{FAE04EC0-301F-11D3-BF4B-00C04F79EFBC}") = "SIAMIS.Payroll.RegressionTests", "tests\SIAMIS.Payroll.RegressionTests\SIAMIS.Payroll.RegressionTests.csproj", "{9B7D7724-A691-461A-AC3C-08D660425EF8}"
EndProject
Global
	GlobalSection(SolutionConfigurationPlatforms) = preSolution
		Debug|Any CPU = Debug|Any CPU
		Release|Any CPU = Release|Any CPU
	EndGlobalSection
	GlobalSection(ProjectConfigurationPlatforms) = postSolution
		{A11A1001-1111-4111-8111-111111111111}.Debug|Any CPU.ActiveCfg = Debug|Any CPU
		{A11A1001-1111-4111-8111-111111111111}.Debug|Any CPU.Build.0 = Debug|Any CPU
		{A11A1001-1111-4111-8111-111111111111}.Release|Any CPU.ActiveCfg = Release|Any CPU
		{A11A1001-1111-4111-8111-111111111111}.Release|Any CPU.Build.0 = Release|Any CPU
		{A11A1002-1111-4111-8111-111111111111}.Debug|Any CPU.ActiveCfg = Debug|Any CPU
		{A11A1002-1111-4111-8111-111111111111}.Debug|Any CPU.Build.0 = Debug|Any CPU
		{A11A1002-1111-4111-8111-111111111111}.Release|Any CPU.ActiveCfg = Release|Any CPU
		{A11A1002-1111-4111-8111-111111111111}.Release|Any CPU.Build.0 = Release|Any CPU
		{A11A1003-1111-4111-8111-111111111111}.Debug|Any CPU.ActiveCfg = Debug|Any CPU
		{A11A1003-1111-4111-8111-111111111111}.Debug|Any CPU.Build.0 = Debug|Any CPU
		{A11A1003-1111-4111-8111-111111111111}.Release|Any CPU.ActiveCfg = Release|Any CPU
		{A11A1003-1111-4111-8111-111111111111}.Release|Any CPU.Build.0 = Release|Any CPU
		{A11A1004-1111-4111-8111-111111111111}.Debug|Any CPU.ActiveCfg = Debug|Any CPU
		{A11A1004-1111-4111-8111-111111111111}.Debug|Any CPU.Build.0 = Debug|Any CPU
		{A11A1004-1111-4111-8111-111111111111}.Release|Any CPU.ActiveCfg = Release|Any CPU
		{A11A1004-1111-4111-8111-111111111111}.Release|Any CPU.Build.0 = Release|Any CPU
		{9B7D7724-A691-461A-AC3C-08D660425EF8}.Debug|Any CPU.ActiveCfg = Debug|Any CPU
		{9B7D7724-A691-461A-AC3C-08D660425EF8}.Debug|Any CPU.Build.0 = Debug|Any CPU
		{9B7D7724-A691-461A-AC3C-08D660425EF8}.Release|Any CPU.ActiveCfg = Release|Any CPU
		{9B7D7724-A691-461A-AC3C-08D660425EF8}.Release|Any CPU.Build.0 = Release|Any CPU
	EndGlobalSection
	GlobalSection(SolutionProperties) = preSolution
		HideSolutionNode = FALSE
	EndGlobalSection
	GlobalSection(NestedProjects) = preSolution
		{9B7D7724-A691-461A-AC3C-08D660425EF8} = {0AB3BF05-4346-4AA6-1389-037BE0695223}
	EndGlobalSection
EndGlobal
